
Microsoft Visual Studio Solution File, Format Version 11.00
# Visual Studio 2010
Project("{8BC9CEB8-8B4A-11D0-8D11-00A0C91BC942}") = "xfontSys", "xfontSys.vcxproj", "{028D6214-CBFE-4C30-8D4E-9BD5AABC0DBF}"
EndProject
Project("{8BC9CEB8-8B4A-11D0-8D11-00A0C91BC942}") = "TextRender", "..\..\Demo\win32\TextRender.vcxproj", "{9DA5A42C-CD60-4675-BC2D-C369D20C8F1D}"
	ProjectSection(ProjectDependencies) = postProject
		{028D6214-CBFE-4C30-8D4E-9BD5AABC0DBF} = {028D6214-CBFE-4C30-8D4E-9BD5AABC0DBF}
	EndProjectSection
EndProject
Global
	GlobalSection(SolutionConfigurationPlatforms) = preSolution
		Debug|Win32 = Debug|Win32
		DLL_Release|Win32 = DLL_Release|Win32
		Release|Win32 = Release|Win32
	EndGlobalSection
	GlobalSection(ProjectConfigurationPlatforms) = postSolution
		{028D6214-CBFE-4C30-8D4E-9BD5AABC0DBF}.Debug|Win32.ActiveCfg = Debug|Win32
		{028D6214-CBFE-4C30-8D4E-9BD5AABC0DBF}.Debug|Win32.Build.0 = Debug|Win32
		{028D6214-CBFE-4C30-8D4E-9BD5AABC0DBF}.DLL_Release|Win32.ActiveCfg = DLL_Release|Win32
		{028D6214-CBFE-4C30-8D4E-9BD5AABC0DBF}.DLL_Release|Win32.Build.0 = DLL_Release|Win32
		{028D6214-CBFE-4C30-8D4E-9BD5AABC0DBF}.Release|Win32.ActiveCfg = Release|Win32
		{028D6214-CBFE-4C30-8D4E-9BD5AABC0DBF}.Release|Win32.Build.0 = Release|Win32
		{9DA5A42C-CD60-4675-BC2D-C369D20C8F1D}.Debug|Win32.ActiveCfg = Debug|Win32
		{9DA5A42C-CD60-4675-BC2D-C369D20C8F1D}.Debug|Win32.Build.0 = Debug|Win32
		{9DA5A42C-CD60-4675-BC2D-C369D20C8F1D}.DLL_Release|Win32.ActiveCfg = DLL_Release|Win32
		{9DA5A42C-CD60-4675-BC2D-C369D20C8F1D}.DLL_Release|Win32.Build.0 = DLL_Release|Win32
		{9DA5A42C-CD60-4675-BC2D-C369D20C8F1D}.Release|Win32.ActiveCfg = Release|Win32
		{9DA5A42C-CD60-4675-BC2D-C369D20C8F1D}.Release|Win32.Build.0 = Release|Win32
	EndGlobalSection
	GlobalSection(SolutionProperties) = preSolution
		HideSolutionNode = FALSE
	EndGlobalSection
EndGlobal
